
Microsoft Visual Studio Solution File, Format Version 12.00
# Visual Studio 15
VisualStudioVersion = 15.0.27004.2002
MinimumVisualStudioVersion = 10.0.40219.1
Project("{8BC9CEB8-8B4A-11D0-8D11-00A0C91BC942}") = "SilkRAD", "SilkRAD.vcxproj", "{9B1E0F9B-778F-4FB9-A089-52A58C3DA8EA}"
EndProject
Global
	GlobalSection(SolutionConfigurationPlatforms) = preSolution
		Debug|x64 = Debug|x64
		Release|x64 = Release|x64
	EndGlobalSection
	GlobalSection(ProjectConfigurationPlatforms) = postSolution
		{9B1E0F9B-778F-4FB9-A089-52A58C3DA8EA}.Debug|x64.ActiveCfg = Debug|x64
		{9B1E0F9B-778F-4FB9-A089-52A58C3DA8EA}.Debug|x64.Build.0 = Debug|x64
		{9B1E0F9B-778F-4FB9-A089-52A58C3DA8EA}.Release|x64.ActiveCfg = Release|x64
		{9B1E0F9B-778F-4FB9-A089-52A58C3DA8EA}.Release|x64.Build.0 = Release|x64
	EndGlobalSection
	GlobalSection(SolutionProperties) = preSolution
		HideSolutionNode = FALSE
	EndGlobalSection
	GlobalSection(ExtensibilityGlobals) = postSolution
		SolutionGuid = {C65F678A-3392-4552-90C9-357CD551317B}
	EndGlobalSection
EndGlobal
